{
  "name": "@selfage/observable_array",
  "version": "2.0.0",
  "lockfileVersion": 2,
  "requires": true,
  "packages": {
    "": {
      "name": "@selfage/observable_array",
      "version": "2.0.0",
      "license": "GPL-3.0-or-later",
      "dependencies": {
        "@selfage/test_matcher": "^1.1.2"
      },
      "devDependencies": {
        "@selfage/counter": "^1.0.9",
        "@selfage/test_runner": "^2.2.5",
        "@selfage/tsconfig": "^1.0.7",
        "@types/node": "^16.3.3",
        "typescript": "^4.1.3"
      }
    },
    "node_modules/@selfage/counter": {
      "version": "1.0.9",
      "resolved": "https://registry.npmjs.org/@selfage/counter/-/counter-1.0.9.tgz",
      "integrity": "sha512-ytevblyt3Am8W96hhp/sTw2K8BmM0CebkrInqTjuPDnJN41Q3QUg5M5/7qtf6bD1jrIVUvMvqLGkCKNIZsQT7w==",
      "dev": true,
      "dependencies": {
        "@selfage/test_matcher": "^1.0.3"
      }
    },
    "node_modules/@selfage/puppeteer_test_executor_api": {
      "version": "1.3.1",
      "resolved": "https://registry.npmjs.org/@selfage/puppeteer_test_executor_api/-/puppeteer_test_executor_api-1.3.1.tgz",
      "integrity": "sha512-rL4CXLZxYNinmDkA/URvxLCfLinZKoDfB/YLcJ9D+DHO5eI6RxxQVZgubvFBeiOkkMIhdCD4tLHV2orluuJG0g==",
      "dev": true
    },
    "node_modules/@selfage/test_matcher": {
      "version": "1.1.2",
      "resolved": "https://registry.npmjs.org/@selfage/test_matcher/-/test_matcher-1.1.2.tgz",
      "integrity": "sha512-Su4JW9oBVEw325Q1KVgxzo4zqT5PLWfhbS+yTMmuZOycekXqKPeO95pW9p3xYhJ7TTXW2qDaz1YF9y17JjXtWg=="
    },
    "node_modules/@selfage/test_runner": {
      "version": "2.2.5",
      "resolved": "https://registry.npmjs.org/@selfage/test_runner/-/test_runner-2.2.5.tgz",
      "integrity": "sha512-XAf/sNHLcQN4ep54jEB3RUAGEPHTS1HFyizZ7AAODf7mQe1AWED0BU4SSDHJ9RgkbGOHd7w5xA29qgtpX4C9MA==",
      "dev": true,
      "dependencies": {
        "@selfage/puppeteer_test_executor_api": "^1.2.1",
        "commander": "^8.3.0",
        "source-map-support": "^0.5.20"
      }
    },
    "node_modules/@selfage/tsconfig": {
      "version": "1.0.7",
      "resolved": "https://registry.npmjs.org/@selfage/tsconfig/-/tsconfig-1.0.7.tgz",
      "integrity": "sha512-8qk0kkWMfL/hHiV400QaplaZbMJoArFETxYT+3z/T3BZ5Cx0SeZgKB6N+sledpchZBZzpcGHx9d00+uf+faGfA==",
      "dev": true
    },
    "node_modules/@types/node": {
      "version": "16.3.3",
      "resolved": "https://registry.npmjs.org/@types/node/-/node-16.3.3.tgz",
      "integrity": "sha512-8h7k1YgQKxKXWckzFCMfsIwn0Y61UK6tlD6y2lOb3hTOIMlK3t9/QwHOhc81TwU+RMf0As5fj7NPjroERCnejQ==",
      "dev": true
    },
    "node_modules/buffer-from": {
      "version": "1.1.2",
      "resolved": "https://registry.npmjs.org/buffer-from/-/buffer-from-1.1.2.tgz",
      "integrity": "sha512-E+XQCRwSbaaiChtv6k6Dwgc+bx+Bs6vuKJHHl5kox/BaKbhiXzqQOwK4cO22yElGp2OCmjwVhT3HmxgyPGnJfQ==",
      "dev": true
    },
    "node_modules/commander": {
      "version": "8.3.0",
      "resolved": "https://registry.npmjs.org/commander/-/commander-8.3.0.tgz",
      "integrity": "sha512-OkTL9umf+He2DZkUq8f8J9of7yL6RJKI24dVITBmNfZBmri9zYZQrKkuXiKhyfPSu8tUhnVBB1iKXevvnlR4Ww==",
      "dev": true,
      "engines": {
        "node": ">= 12"
      }
    },
    "node_modules/source-map": {
      "version": "0.6.1",
      "resolved": "https://registry.npmjs.org/source-map/-/source-map-0.6.1.tgz",
      "integrity": "sha512-UjgapumWlbMhkBgzT7Ykc5YXUT46F0iKu8SGXq0bcwP5dz/h0Plj6enJqjz1Zbq2l5WaqYnrVbwWOWMyF3F47g==",
      "dev": true,
      "engines": {
        "node": ">=0.10.0"
      }
    },
    "node_modules/source-map-support": {
      "version": "0.5.21",
      "resolved": "https://registry.npmjs.org/source-map-support/-/source-map-support-0.5.21.tgz",
      "integrity": "sha512-uBHU3L3czsIyYXKX88fdrGovxdSCoTGDRZ6SYXtSRxLZUzHg5P/66Ht6uoUlHu9EZod+inXhKo3qQgwXUT/y1w==",
      "dev": true,
      "dependencies": {
        "buffer-from": "^1.0.0",
        "source-map": "^0.6.0"
      }
    },
    "node_modules/typescript": {
      "version": "4.3.5",
      "resolved": "https://registry.npmjs.org/typescript/-/typescript-4.3.5.tgz",
      "integrity": "sha512-DqQgihaQ9cUrskJo9kIyW/+g0Vxsk8cDtZ52a3NGh0YNTfpUSArXSohyUGnvbPazEPLu398C0UxmKSOrPumUzA==",
      "dev": true,
      "bin": {
        "tsc": "bin/tsc",
        "tsserver": "bin/tsserver"
      },
      "engines": {
        "node": ">=4.2.0"
      }
    }
  },
  "dependencies": {
    "@selfage/counter": {
      "version": "1.0.9",
      "resolved": "https://registry.npmjs.org/@selfage/counter/-/counter-1.0.9.tgz",
      "integrity": "sha512-ytevblyt3Am8W96hhp/sTw2K8BmM0CebkrInqTjuPDnJN41Q3QUg5M5/7qtf6bD1jrIVUvMvqLGkCKNIZsQT7w==",
      "dev": true,
      "requires": {
        "@selfage/test_matcher": "^1.0.3"
      }
    },
    "@selfage/puppeteer_test_executor_api": {
      "version": "1.3.1",
      "resolved": "https://registry.npmjs.org/@selfage/puppeteer_test_executor_api/-/puppeteer_test_executor_api-1.3.1.tgz",
      "integrity": "sha512-rL4CXLZxYNinmDkA/URvxLCfLinZKoDfB/YLcJ9D+DHO5eI6RxxQVZgubvFBeiOkkMIhdCD4tLHV2orluuJG0g==",
      "dev": true
    },
    "@selfage/test_matcher": {
      "version": "1.1.2",
      "resolved": "https://registry.npmjs.org/@selfage/test_matcher/-/test_matcher-1.1.2.tgz",
      "integrity": "sha512-Su4JW9oBVEw325Q1KVgxzo4zqT5PLWfhbS+yTMmuZOycekXqKPeO95pW9p3xYhJ7TTXW2qDaz1YF9y17JjXtWg=="
    },
    "@selfage/test_runner": {
      "version": "2.2.5",
      "resolved": "https://registry.npmjs.org/@selfage/test_runner/-/test_runner-2.2.5.tgz",
      "integrity": "sha512-XAf/sNHLcQN4ep54jEB3RUAGEPHTS1HFyizZ7AAODf7mQe1AWED0BU4SSDHJ9RgkbGOHd7w5xA29qgtpX4C9MA==",
      "dev": true,
      "requires": {
        "@selfage/puppeteer_test_executor_api": "^1.2.1",
        "commander": "^8.3.0",
        "source-map-support": "^0.5.20"
      }
    },
    "@selfage/tsconfig": {
      "version": "1.0.7",
      "resolved": "https://registry.npmjs.org/@selfage/tsconfig/-/tsconfig-1.0.7.tgz",
      "integrity": "sha512-8qk0kkWMfL/hHiV400QaplaZbMJoArFETxYT+3z/T3BZ5Cx0SeZgKB6N+sledpchZBZzpcGHx9d00+uf+faGfA==",
      "dev": true
    },
    "@types/node": {
      "version": "16.3.3",
      "resolved": "https://registry.npmjs.org/@types/node/-/node-16.3.3.tgz",
      "integrity": "sha512-8h7k1YgQKxKXWckzFCMfsIwn0Y61UK6tlD6y2lOb3hTOIMlK3t9/QwHOhc81TwU+RMf0As5fj7NPjroERCnejQ==",
      "dev": true
    },
    "buffer-from": {
      "version": "1.1.2",
      "resolved": "https://registry.npmjs.org/buffer-from/-/buffer-from-1.1.2.tgz",
      "integrity": "sha512-E+XQCRwSbaaiChtv6k6Dwgc+bx+Bs6vuKJHHl5kox/BaKbhiXzqQOwK4cO22yElGp2OCmjwVhT3HmxgyPGnJfQ==",
      "dev": true
    },
    "commander": {
      "version": "8.3.0",
      "resolved": "https://registry.npmjs.org/commander/-/commander-8.3.0.tgz",
      "integrity": "sha512-OkTL9umf+He2DZkUq8f8J9of7yL6RJKI24dVITBmNfZBmri9zYZQrKkuXiKhyfPSu8tUhnVBB1iKXevvnlR4Ww==",
      "dev": true
    },
    "source-map": {
      "version": "0.6.1",
      "resolved": "https://registry.npmjs.org/source-map/-/source-map-0.6.1.tgz",
      "integrity": "sha512-UjgapumWlbMhkBgzT7Ykc5YXUT46F0iKu8SGXq0bcwP5dz/h0Plj6enJqjz1Zbq2l5WaqYnrVbwWOWMyF3F47g==",
      "dev": true
    },
    "source-map-support": {
      "version": "0.5.21",
      "resolved": "https://registry.npmjs.org/source-map-support/-/source-map-support-0.5.21.tgz",
      "integrity": "sha512-uBHU3L3czsIyYXKX88fdrGovxdSCoTGDRZ6SYXtSRxLZUzHg5P/66Ht6uoUlHu9EZod+inXhKo3qQgwXUT/y1w==",
      "dev": true,
      "requires": {
        "buffer-from": "^1.0.0",
        "source-map": "^0.6.0"
      }
    },
    "typescript": {
      "version": "4.3.5",
      "resolved": "https://registry.npmjs.org/typescript/-/typescript-4.3.5.tgz",
      "integrity": "sha512-DqQgihaQ9cUrskJo9kIyW/+g0Vxsk8cDtZ52a3NGh0YNTfpUSArXSohyUGnvbPazEPLu398C0UxmKSOrPumUzA==",
      "dev": true
    }
  }
}
